
Microsoft Visual Studio Solution File, Format Version 12.00
# Visual Studio Version 17
VisualStudioVersion = 17.3.32811.315
MinimumVisualStudioVersion = 10.0.40219.1
Project("{FAE04EC0-301F-11D3-BF4B-00C04F79EFBC}") = "Proyecto Final", "Proyecto Final\Proyecto Final.csproj", "{2EB85D2D-576C-4E99-937D-F763F01CAC6C}"
EndProject
Global
	GlobalSection(SolutionConfigurationPlatforms) = preSolution
		Debug|Any CPU = Debug|Any CPU
		Release|Any CPU = Release|Any CPU
	EndGlobalSection
	GlobalSection(ProjectConfigurationPlatforms) = postSolution
		{2EB85D2D-576C-4E99-937D-F763F01CAC6C}.Debug|Any CPU.ActiveCfg = Debug|Any CPU
		{2EB85D2D-576C-4E99-937D-F763F01CAC6C}.Debug|Any CPU.Build.0 = Debug|Any CPU
		{2EB85D2D-576C-4E99-937D-F763F01CAC6C}.Release|Any CPU.ActiveCfg = Release|Any CPU
		{2EB85D2D-576C-4E99-937D-F763F01CAC6C}.Release|Any CPU.Build.0 = Release|Any CPU
	EndGlobalSection
	GlobalSection(SolutionProperties) = preSolution
		HideSolutionNode = FALSE
	EndGlobalSection
	GlobalSection(ExtensibilityGlobals) = postSolution
		SolutionGuid = {1E1F69AD-F85B-40AD-8BE7-3B5A10235EB3}
	EndGlobalSection
EndGlobal
